
Microsoft Visual Studio Solution File, Format Version 12.00
# Visual Studio 15
VisualStudioVersion = 15.0.26730.8
MinimumVisualStudioVersion = 10.0.40219.1
Project("{FAE04EC0-301F-11D3-BF4B-00C04F79EFBC}") = "WindowsFormsApp2", "WindowsFormsApp2.csproj", "{1870E23A-A268-4E27-B61D-81ED22E24555}"
EndProject
Global
	GlobalSection(SolutionConfigurationPlatforms) = preSolution
		Debug|Any CPU = Debug|Any CPU
		Release|Any CPU = Release|Any CPU
	EndGlobalSection
	GlobalSection(ProjectConfigurationPlatforms) = postSolution
		{1870E23A-A268-4E27-B61D-81ED22E24555}.Debug|Any CPU.ActiveCfg = Debug|Any CPU
		{1870E23A-A268-4E27-B61D-81ED22E24555}.Debug|Any CPU.Build.0 = Debug|Any CPU
		{1870E23A-A268-4E27-B61D-81ED22E24555}.Release|Any CPU.ActiveCfg = Release|Any CPU
		{1870E23A-A268-4E27-B61D-81ED22E24555}.Release|Any CPU.Build.0 = Release|Any CPU
	EndGlobalSection
	GlobalSection(SolutionProperties) = preSolution
		HideSolutionNode = FALSE
	EndGlobalSection
	GlobalSection(ExtensibilityGlobals) = postSolution
		SolutionGuid = {4AB13DDA-A77D-41EC-9530-88F75784F263}
	EndGlobalSection
EndGlobal
