
Microsoft Visual Studio Solution File, Format Version 12.00
# Visual Studio 15
VisualStudioVersion = 15.0.26730.8
MinimumVisualStudioVersion = 10.0.40219.1
Project("{FAE04EC0-301F-11D3-BF4B-00C04F79EFBC}") = "wk13", "wk13\wk13.csproj", "{50B7BF19-2316-42A4-9A5D-57BE2754050D}"
EndProject
Global
	GlobalSection(SolutionConfigurationPlatforms) = preSolution
		Debug|Any CPU = Debug|Any CPU
		Release|Any CPU = Release|Any CPU
	EndGlobalSection
	GlobalSection(ProjectConfigurationPlatforms) = postSolution
		{50B7BF19-2316-42A4-9A5D-57BE2754050D}.Debug|Any CPU.ActiveCfg = Debug|Any CPU
		{50B7BF19-2316-42A4-9A5D-57BE2754050D}.Debug|Any CPU.Build.0 = Debug|Any CPU
		{50B7BF19-2316-42A4-9A5D-57BE2754050D}.Release|Any CPU.ActiveCfg = Release|Any CPU
		{50B7BF19-2316-42A4-9A5D-57BE2754050D}.Release|Any CPU.Build.0 = Release|Any CPU
	EndGlobalSection
	GlobalSection(SolutionProperties) = preSolution
		HideSolutionNode = FALSE
	EndGlobalSection
	GlobalSection(ExtensibilityGlobals) = postSolution
		SolutionGuid = {F7AC7B87-D069-42F0-AE17-3545CF1EB84D}
	EndGlobalSection
EndGlobal
